
Microsoft Visual Studio Solution File, Format Version 12.00
# Visual Studio Version 16
VisualStudioVersion = 16.0.31613.86
MinimumVisualStudioVersion = 10.0.40219.1
Project("{9A19103F-16F7-4668-BE54-9A1E7A4F7556}") = "Localiza.Frotas", "Localiza.Frotas\Localiza.Frotas.csproj", "{FACADFA6-4E29-4F2B-B5C9-2BCF4245C6E2}"
EndProject
Project("{FAE04EC0-301F-11D3-BF4B-00C04F79EFBC}") = "Localiza.Frotas.Domain", "Localiza.Frotas.Domain\Localiza.Frotas.Domain.csproj", "{5C3FD8EC-92D3-4923-9D98-F95A1E4F5FDF}"
EndProject
Project("{FAE04EC0-301F-11D3-BF4B-00C04F79EFBC}") = "Localiza.Frotas.Infra", "Localiza.Frotas.Infra\Localiza.Frotas.Infra.csproj", "{F1F01501-7019-473C-8893-204B0BE72060}"
EndProject
Global
	GlobalSection(SolutionConfigurationPlatforms) = preSolution
		Debug|Any CPU = Debug|Any CPU
		Release|Any CPU = Release|Any CPU
	EndGlobalSection
	GlobalSection(ProjectConfigurationPlatforms) = postSolution
		{FACADFA6-4E29-4F2B-B5C9-2BCF4245C6E2}.Debug|Any CPU.ActiveCfg = Debug|Any CPU
		{FACADFA6-4E29-4F2B-B5C9-2BCF4245C6E2}.Debug|Any CPU.Build.0 = Debug|Any CPU
		{FACADFA6-4E29-4F2B-B5C9-2BCF4245C6E2}.Release|Any CPU.ActiveCfg = Release|Any CPU
		{FACADFA6-4E29-4F2B-B5C9-2BCF4245C6E2}.Release|Any CPU.Build.0 = Release|Any CPU
		{5C3FD8EC-92D3-4923-9D98-F95A1E4F5FDF}.Debug|Any CPU.ActiveCfg = Debug|Any CPU
		{5C3FD8EC-92D3-4923-9D98-F95A1E4F5FDF}.Debug|Any CPU.Build.0 = Debug|Any CPU
		{5C3FD8EC-92D3-4923-9D98-F95A1E4F5FDF}.Release|Any CPU.ActiveCfg = Release|Any CPU
		{5C3FD8EC-92D3-4923-9D98-F95A1E4F5FDF}.Release|Any CPU.Build.0 = Release|Any CPU
		{F1F01501-7019-473C-8893-204B0BE72060}.Debug|Any CPU.ActiveCfg = Debug|Any CPU
		{F1F01501-7019-473C-8893-204B0BE72060}.Debug|Any CPU.Build.0 = Debug|Any CPU
		{F1F01501-7019-473C-8893-204B0BE72060}.Release|Any CPU.ActiveCfg = Release|Any CPU
		{F1F01501-7019-473C-8893-204B0BE72060}.Release|Any CPU.Build.0 = Release|Any CPU
	EndGlobalSection
	GlobalSection(SolutionProperties) = preSolution
		HideSolutionNode = FALSE
	EndGlobalSection
	GlobalSection(ExtensibilityGlobals) = postSolution
		SolutionGuid = {20336011-480E-4F96-92FE-9A684D8BE6CD}
	EndGlobalSection
EndGlobal
